
Microsoft Visual Studio Solution File, Format Version 12.00
# Visual Studio Version 18
VisualStudioVersion = 18.6.11819.183 stable
MinimumVisualStudioVersion = 10.0.40219.1
Project("{FAE04EC0-301F-11D3-BF4B-00C04F79EFBC}") = "WordTemplateToPdf", "WordTemplateToPdf.csproj", "{BD7BFC29-F3DD-EF5A-08DC-162DF3C34DF0}"
EndProject
Global
	GlobalSection(SolutionConfigurationPlatforms) = preSolution
		Debug|Any CPU = Debug|Any CPU
		Release|Any CPU = Release|Any CPU
	EndGlobalSection
	GlobalSection(ProjectConfigurationPlatforms) = postSolution
		{BD7BFC29-F3DD-EF5A-08DC-162DF3C34DF0}.Debug|Any CPU.ActiveCfg = Debug|Any CPU
		{BD7BFC29-F3DD-EF5A-08DC-162DF3C34DF0}.Debug|Any CPU.Build.0 = Debug|Any CPU
		{BD7BFC29-F3DD-EF5A-08DC-162DF3C34DF0}.Release|Any CPU.ActiveCfg = Release|Any CPU
		{BD7BFC29-F3DD-EF5A-08DC-162DF3C34DF0}.Release|Any CPU.Build.0 = Release|Any CPU
	EndGlobalSection
	GlobalSection(SolutionProperties) = preSolution
		HideSolutionNode = FALSE
	EndGlobalSection
	GlobalSection(ExtensibilityGlobals) = postSolution
		SolutionGuid = {54BF1B90-2869-4CB2-9FAA-985B90B84CC8}
	EndGlobalSection
EndGlobal
